
Microsoft Visual Studio Solution File, Format Version 12.00
# Visual Studio Version 16
VisualStudioVersion = 16.0.29025.244
MinimumVisualStudioVersion = 10.0.40219.1
Project("{9A19103F-16F7-4668-BE54-9A1E7A4F7556}") = "DataViewer", "DataViewer\DataViewer.csproj", "{810019D2-72D5-418D-AD39-A91F64B14D99}"
EndProject
Project("{9A19103F-16F7-4668-BE54-9A1E7A4F7556}") = "DataViewerClient", "DataViewerClient\DataViewerClient.csproj", "{F51FD83B-6785-4427-8B85-44E6AE033179}"
EndProject
Project("{FAE04EC0-301F-11D3-BF4B-00C04F79EFBC}") = "DataViewerTests", "DataViewerTests\DataViewerTests.csproj", "{419F1C94-A7D3-485E-A53F-5A782E830A15}"
EndProject
Global
	GlobalSection(SolutionConfigurationPlatforms) = preSolution
		Debug|Any CPU = Debug|Any CPU
		Release|Any CPU = Release|Any CPU
	EndGlobalSection
	GlobalSection(ProjectConfigurationPlatforms) = postSolution
		{810019D2-72D5-418D-AD39-A91F64B14D99}.Debug|Any CPU.ActiveCfg = Debug|Any CPU
		{810019D2-72D5-418D-AD39-A91F64B14D99}.Debug|Any CPU.Build.0 = Debug|Any CPU
		{810019D2-72D5-418D-AD39-A91F64B14D99}.Release|Any CPU.ActiveCfg = Release|Any CPU
		{810019D2-72D5-418D-AD39-A91F64B14D99}.Release|Any CPU.Build.0 = Release|Any CPU
		{F51FD83B-6785-4427-8B85-44E6AE033179}.Debug|Any CPU.ActiveCfg = Debug|Any CPU
		{F51FD83B-6785-4427-8B85-44E6AE033179}.Debug|Any CPU.Build.0 = Debug|Any CPU
		{F51FD83B-6785-4427-8B85-44E6AE033179}.Release|Any CPU.ActiveCfg = Release|Any CPU
		{F51FD83B-6785-4427-8B85-44E6AE033179}.Release|Any CPU.Build.0 = Release|Any CPU
		{419F1C94-A7D3-485E-A53F-5A782E830A15}.Debug|Any CPU.ActiveCfg = Debug|Any CPU
		{419F1C94-A7D3-485E-A53F-5A782E830A15}.Debug|Any CPU.Build.0 = Debug|Any CPU
		{419F1C94-A7D3-485E-A53F-5A782E830A15}.Release|Any CPU.ActiveCfg = Release|Any CPU
		{419F1C94-A7D3-485E-A53F-5A782E830A15}.Release|Any CPU.Build.0 = Release|Any CPU
	EndGlobalSection
	GlobalSection(SolutionProperties) = preSolution
		HideSolutionNode = FALSE
	EndGlobalSection
	GlobalSection(ExtensibilityGlobals) = postSolution
		SolutionGuid = {61A4C2EB-D3B9-419A-853C-F660B59CE70B}
	EndGlobalSection
EndGlobal
